
Microsoft Visual Studio Solution File, Format Version 12.00
# Visual Studio 15
Project("{FAE04EC0-301F-11D3-BF4B-00C04F79EFBC}") = "Assembly-CSharp", "Assembly-CSharp.csproj", "{2C029D3F-796E-D44A-0A87-131CD745A8D2}"
EndProject
Project("{FAE04EC0-301F-11D3-BF4B-00C04F79EFBC}") = "Assembly-CSharp-Editor", "Assembly-CSharp-Editor.csproj", "{EAD1989C-536F-6974-7931-5AB02B2F9D32}"
EndProject
Global
	GlobalSection(SolutionConfigurationPlatforms) = preSolution
		Debug|Any CPU = Debug|Any CPU
		Release|Any CPU = Release|Any CPU
	EndGlobalSection
	GlobalSection(ProjectConfigurationPlatforms) = postSolution
		{2C029D3F-796E-D44A-0A87-131CD745A8D2}.Debug|Any CPU.ActiveCfg = Debug|Any CPU
		{2C029D3F-796E-D44A-0A87-131CD745A8D2}.Debug|Any CPU.Build.0 = Debug|Any CPU
		{2C029D3F-796E-D44A-0A87-131CD745A8D2}.Release|Any CPU.ActiveCfg = Release|Any CPU
		{2C029D3F-796E-D44A-0A87-131CD745A8D2}.Release|Any CPU.Build.0 = Release|Any CPU
		{EAD1989C-536F-6974-7931-5AB02B2F9D32}.Debug|Any CPU.ActiveCfg = Debug|Any CPU
		{EAD1989C-536F-6974-7931-5AB02B2F9D32}.Debug|Any CPU.Build.0 = Debug|Any CPU
		{EAD1989C-536F-6974-7931-5AB02B2F9D32}.Release|Any CPU.ActiveCfg = Release|Any CPU
		{EAD1989C-536F-6974-7931-5AB02B2F9D32}.Release|Any CPU.Build.0 = Release|Any CPU
	EndGlobalSection
	GlobalSection(SolutionProperties) = preSolution
		HideSolutionNode = FALSE
	EndGlobalSection
EndGlobal
